
Microsoft Visual Studio Solution File, Format Version 12.00
# Visual Studio Version 16
VisualStudioVersion = 16.0.30907.101
MinimumVisualStudioVersion = 10.0.40219.1
Project("{FAE04EC0-301F-11D3-BF4B-00C04F79EFBC}") = "T2Ej2", "T2Ej2\T2Ej2.csproj", "{CAA72289-7744-4EF1-AC66-F5DBB0674938}"
EndProject
Global
	GlobalSection(SolutionConfigurationPlatforms) = preSolution
		Debug|Any CPU = Debug|Any CPU
		Release|Any CPU = Release|Any CPU
	EndGlobalSection
	GlobalSection(ProjectConfigurationPlatforms) = postSolution
		{CAA72289-7744-4EF1-AC66-F5DBB0674938}.Debug|Any CPU.ActiveCfg = Debug|Any CPU
		{CAA72289-7744-4EF1-AC66-F5DBB0674938}.Debug|Any CPU.Build.0 = Debug|Any CPU
		{CAA72289-7744-4EF1-AC66-F5DBB0674938}.Release|Any CPU.ActiveCfg = Release|Any CPU
		{CAA72289-7744-4EF1-AC66-F5DBB0674938}.Release|Any CPU.Build.0 = Release|Any CPU
	EndGlobalSection
	GlobalSection(SolutionProperties) = preSolution
		HideSolutionNode = FALSE
	EndGlobalSection
	GlobalSection(ExtensibilityGlobals) = postSolution
		SolutionGuid = {AC6A2882-759A-4501-AFA9-B2F383D29FC4}
	EndGlobalSection
EndGlobal
