
Microsoft Visual Studio Solution File, Format Version 12.00
# Visual Studio Version 16
VisualStudioVersion = 16.0.30907.101
MinimumVisualStudioVersion = 10.0.40219.1
Project("{FAE04EC0-301F-11D3-BF4B-00C04F79EFBC}") = "T2Ej1", "T2Ej1\T2Ej1.csproj", "{BAC53983-0D6E-4DAA-AB1C-C0C0791E6697}"
EndProject
Global
	GlobalSection(SolutionConfigurationPlatforms) = preSolution
		Debug|Any CPU = Debug|Any CPU
		Release|Any CPU = Release|Any CPU
	EndGlobalSection
	GlobalSection(ProjectConfigurationPlatforms) = postSolution
		{BAC53983-0D6E-4DAA-AB1C-C0C0791E6697}.Debug|Any CPU.ActiveCfg = Debug|Any CPU
		{BAC53983-0D6E-4DAA-AB1C-C0C0791E6697}.Debug|Any CPU.Build.0 = Debug|Any CPU
		{BAC53983-0D6E-4DAA-AB1C-C0C0791E6697}.Release|Any CPU.ActiveCfg = Release|Any CPU
		{BAC53983-0D6E-4DAA-AB1C-C0C0791E6697}.Release|Any CPU.Build.0 = Release|Any CPU
	EndGlobalSection
	GlobalSection(SolutionProperties) = preSolution
		HideSolutionNode = FALSE
	EndGlobalSection
	GlobalSection(ExtensibilityGlobals) = postSolution
		SolutionGuid = {31000286-F056-41B2-9CB2-E1C8E9D8B022}
	EndGlobalSection
EndGlobal
